
Microsoft Visual Studio Solution File, Format Version 12.00
# Visual Studio Version 17
VisualStudioVersion = 17.4.33213.308
MinimumVisualStudioVersion = 10.0.40219.1
Project("{9A19103F-16F7-4668-BE54-9A1E7A4F7556}") = "PaintProject", "PaintProject.csproj", "{F99D2C7A-69F5-4384-8002-57854276208E}"
	ProjectSection(ProjectDependencies) = postProject
		{4292A202-DA9A-43C9-A159-DADD22F17F8D} = {4292A202-DA9A-43C9-A159-DADD22F17F8D}
		{6783050B-FD3C-472A-91D5-84E7E344C32D} = {6783050B-FD3C-472A-91D5-84E7E344C32D}
		{A45CDF3A-84AB-4B45-A3BB-ABAED9B80F7D} = {A45CDF3A-84AB-4B45-A3BB-ABAED9B80F7D}
	EndProjectSection
EndProject
Project("{9A19103F-16F7-4668-BE54-9A1E7A4F7556}") = "EllipseAbility", "..\EllipseAbility\EllipseAbility.csproj", "{4292A202-DA9A-43C9-A159-DADD22F17F8D}"
EndProject
Project("{9A19103F-16F7-4668-BE54-9A1E7A4F7556}") = "LineAbility", "..\LineAbility\LineAbility.csproj", "{A45CDF3A-84AB-4B45-A3BB-ABAED9B80F7D}"
EndProject
Project("{9A19103F-16F7-4668-BE54-9A1E7A4F7556}") = "RectangleAbility", "..\RectangleAbility\RectangleAbility.csproj", "{6783050B-FD3C-472A-91D5-84E7E344C32D}"
EndProject
Global
	GlobalSection(SolutionConfigurationPlatforms) = preSolution
		Debug|Any CPU = Debug|Any CPU
		Release|Any CPU = Release|Any CPU
	EndGlobalSection
	GlobalSection(ProjectConfigurationPlatforms) = postSolution
		{F99D2C7A-69F5-4384-8002-57854276208E}.Debug|Any CPU.ActiveCfg = Debug|Any CPU
		{F99D2C7A-69F5-4384-8002-57854276208E}.Debug|Any CPU.Build.0 = Debug|Any CPU
		{F99D2C7A-69F5-4384-8002-57854276208E}.Release|Any CPU.ActiveCfg = Release|Any CPU
		{F99D2C7A-69F5-4384-8002-57854276208E}.Release|Any CPU.Build.0 = Release|Any CPU
		{4292A202-DA9A-43C9-A159-DADD22F17F8D}.Debug|Any CPU.ActiveCfg = Debug|Any CPU
		{4292A202-DA9A-43C9-A159-DADD22F17F8D}.Debug|Any CPU.Build.0 = Debug|Any CPU
		{4292A202-DA9A-43C9-A159-DADD22F17F8D}.Release|Any CPU.ActiveCfg = Release|Any CPU
		{4292A202-DA9A-43C9-A159-DADD22F17F8D}.Release|Any CPU.Build.0 = Release|Any CPU
		{A45CDF3A-84AB-4B45-A3BB-ABAED9B80F7D}.Debug|Any CPU.ActiveCfg = Debug|Any CPU
		{A45CDF3A-84AB-4B45-A3BB-ABAED9B80F7D}.Debug|Any CPU.Build.0 = Debug|Any CPU
		{A45CDF3A-84AB-4B45-A3BB-ABAED9B80F7D}.Release|Any CPU.ActiveCfg = Release|Any CPU
		{A45CDF3A-84AB-4B45-A3BB-ABAED9B80F7D}.Release|Any CPU.Build.0 = Release|Any CPU
		{6783050B-FD3C-472A-91D5-84E7E344C32D}.Debug|Any CPU.ActiveCfg = Debug|Any CPU
		{6783050B-FD3C-472A-91D5-84E7E344C32D}.Debug|Any CPU.Build.0 = Debug|Any CPU
		{6783050B-FD3C-472A-91D5-84E7E344C32D}.Release|Any CPU.ActiveCfg = Release|Any CPU
		{6783050B-FD3C-472A-91D5-84E7E344C32D}.Release|Any CPU.Build.0 = Release|Any CPU
	EndGlobalSection
	GlobalSection(SolutionProperties) = preSolution
		HideSolutionNode = FALSE
	EndGlobalSection
	GlobalSection(ExtensibilityGlobals) = postSolution
		SolutionGuid = {B12FD62C-1F60-421C-BDFE-22C07E9457F8}
	EndGlobalSection
EndGlobal
