
Microsoft Visual Studio Solution File, Format Version 12.00
# Visual Studio Version 17
VisualStudioVersion = 17.4.33213.308
MinimumVisualStudioVersion = 10.0.40219.1
Project("{9A19103F-16F7-4668-BE54-9A1E7A4F7556}") = "PaintProject", "PaintProject.csproj", "{F99D2C7A-69F5-4384-8002-57854276208E}"
	ProjectSection(ProjectDependencies) = postProject
		{502F8584-E1D6-49C3-A9A5-6E6DFDD4439E} = {502F8584-E1D6-49C3-A9A5-6E6DFDD4439E}
		{508447F5-A51D-4676-90C4-550CD5D8D097} = {508447F5-A51D-4676-90C4-550CD5D8D097}
		{EACD52F5-74BA-4307-BF1D-BD8BC28A09D3} = {EACD52F5-74BA-4307-BF1D-BD8BC28A09D3}
	EndProjectSection
EndProject
Project("{9A19103F-16F7-4668-BE54-9A1E7A4F7556}") = "LineAbility", "..\LineAbility\LineAbility.csproj", "{502F8584-E1D6-49C3-A9A5-6E6DFDD4439E}"
EndProject
Project("{9A19103F-16F7-4668-BE54-9A1E7A4F7556}") = "RectangleAbility", "..\RectangleAbility\RectangleAbility.csproj", "{EACD52F5-74BA-4307-BF1D-BD8BC28A09D3}"
EndProject
Project("{9A19103F-16F7-4668-BE54-9A1E7A4F7556}") = "EllipseAbility", "..\EllipseAbility\EllipseAbility.csproj", "{508447F5-A51D-4676-90C4-550CD5D8D097}"
EndProject
Global
	GlobalSection(SolutionConfigurationPlatforms) = preSolution
		Debug|Any CPU = Debug|Any CPU
		Release|Any CPU = Release|Any CPU
	EndGlobalSection
	GlobalSection(ProjectConfigurationPlatforms) = postSolution
		{F99D2C7A-69F5-4384-8002-57854276208E}.Debug|Any CPU.ActiveCfg = Debug|Any CPU
		{F99D2C7A-69F5-4384-8002-57854276208E}.Debug|Any CPU.Build.0 = Debug|Any CPU
		{F99D2C7A-69F5-4384-8002-57854276208E}.Release|Any CPU.ActiveCfg = Release|Any CPU
		{F99D2C7A-69F5-4384-8002-57854276208E}.Release|Any CPU.Build.0 = Release|Any CPU
		{502F8584-E1D6-49C3-A9A5-6E6DFDD4439E}.Debug|Any CPU.ActiveCfg = Debug|Any CPU
		{502F8584-E1D6-49C3-A9A5-6E6DFDD4439E}.Debug|Any CPU.Build.0 = Debug|Any CPU
		{502F8584-E1D6-49C3-A9A5-6E6DFDD4439E}.Release|Any CPU.ActiveCfg = Release|Any CPU
		{502F8584-E1D6-49C3-A9A5-6E6DFDD4439E}.Release|Any CPU.Build.0 = Release|Any CPU
		{EACD52F5-74BA-4307-BF1D-BD8BC28A09D3}.Debug|Any CPU.ActiveCfg = Debug|Any CPU
		{EACD52F5-74BA-4307-BF1D-BD8BC28A09D3}.Debug|Any CPU.Build.0 = Debug|Any CPU
		{EACD52F5-74BA-4307-BF1D-BD8BC28A09D3}.Release|Any CPU.ActiveCfg = Release|Any CPU
		{EACD52F5-74BA-4307-BF1D-BD8BC28A09D3}.Release|Any CPU.Build.0 = Release|Any CPU
		{508447F5-A51D-4676-90C4-550CD5D8D097}.Debug|Any CPU.ActiveCfg = Debug|Any CPU
		{508447F5-A51D-4676-90C4-550CD5D8D097}.Debug|Any CPU.Build.0 = Debug|Any CPU
		{508447F5-A51D-4676-90C4-550CD5D8D097}.Release|Any CPU.ActiveCfg = Release|Any CPU
		{508447F5-A51D-4676-90C4-550CD5D8D097}.Release|Any CPU.Build.0 = Release|Any CPU
	EndGlobalSection
	GlobalSection(SolutionProperties) = preSolution
		HideSolutionNode = FALSE
	EndGlobalSection
	GlobalSection(ExtensibilityGlobals) = postSolution
		SolutionGuid = {B12FD62C-1F60-421C-BDFE-22C07E9457F8}
	EndGlobalSection
EndGlobal
