
Microsoft Visual Studio Solution File, Format Version 12.00
# Visual Studio Version 17
VisualStudioVersion = 17.4.33213.308
MinimumVisualStudioVersion = 10.0.40219.1
Project("{FAE04EC0-301F-11D3-BF4B-00C04F79EFBC}") = "LineAbility", "LineAbility.csproj", "{6EB203C2-B0F6-4CCA-BDB4-E0D1CD88C022}"
EndProject
Global
	GlobalSection(SolutionConfigurationPlatforms) = preSolution
		Debug|Any CPU = Debug|Any CPU
		Release|Any CPU = Release|Any CPU
	EndGlobalSection
	GlobalSection(ProjectConfigurationPlatforms) = postSolution
		{6EB203C2-B0F6-4CCA-BDB4-E0D1CD88C022}.Debug|Any CPU.ActiveCfg = Debug|Any CPU
		{6EB203C2-B0F6-4CCA-BDB4-E0D1CD88C022}.Debug|Any CPU.Build.0 = Debug|Any CPU
		{6EB203C2-B0F6-4CCA-BDB4-E0D1CD88C022}.Release|Any CPU.ActiveCfg = Release|Any CPU
		{6EB203C2-B0F6-4CCA-BDB4-E0D1CD88C022}.Release|Any CPU.Build.0 = Release|Any CPU
	EndGlobalSection
	GlobalSection(SolutionProperties) = preSolution
		HideSolutionNode = FALSE
	EndGlobalSection
	GlobalSection(ExtensibilityGlobals) = postSolution
		SolutionGuid = {14FB6C0B-AEFD-4783-AFAB-72D7B2ECFB6F}
	EndGlobalSection
EndGlobal
